Microsoft Visual Studio Solution File, Format Version 11.00
# Visual Studio 2008

Project("{D1F83B92-D417-CADF-319C-1B08A2D488B0}") = "third copy 4", "Assembly-CSharp.csproj", "{E867D878-3786-8752-E1A4-10D003B1A74A}"
EndProject
Project("{D1F83B92-D417-CADF-319C-1B08A2D488B0}") = "third copy 4", "Assembly-UnityScript.unityproj", "{D6A094CF-893D-12F6-19F3-ABE8DAD06CFE}"
EndProject
Global
	GlobalSection(SolutionConfigurationPlatforms) = preSolution
		Debug|Any CPU = Debug|Any CPU
		Release|Any CPU = Release|Any CPU
	EndGlobalSection
	GlobalSection(ProjectConfigurationPlatforms) = postSolution
		{E867D878-3786-8752-E1A4-10D003B1A74A}.Debug|Any CPU.ActiveCfg = Debug|Any CPU
		{E867D878-3786-8752-E1A4-10D003B1A74A}.Debug|Any CPU.Build.0 = Debug|Any CPU
		{E867D878-3786-8752-E1A4-10D003B1A74A}.Release|Any CPU.ActiveCfg = Release|Any CPU
		{E867D878-3786-8752-E1A4-10D003B1A74A}.Release|Any CPU.Build.0 = Release|Any CPU
		{D6A094CF-893D-12F6-19F3-ABE8DAD06CFE}.Debug|Any CPU.ActiveCfg = Debug|Any CPU
		{D6A094CF-893D-12F6-19F3-ABE8DAD06CFE}.Debug|Any CPU.Build.0 = Debug|Any CPU
		{D6A094CF-893D-12F6-19F3-ABE8DAD06CFE}.Release|Any CPU.ActiveCfg = Release|Any CPU
		{D6A094CF-893D-12F6-19F3-ABE8DAD06CFE}.Release|Any CPU.Build.0 = Release|Any CPU
	EndGlobalSection
	GlobalSection(SolutionProperties) = preSolution
		HideSolutionNode = FALSE
	EndGlobalSection
		GlobalSection(MonoDevelopProperties) = preSolution
		StartupItem = Assembly-CSharp.csproj
		Policies = $0
		$0.TextStylePolicy = $1
		$1.inheritsSet = null
		$1.scope = text/x-csharp
		$0.CSharpFormattingPolicy = $2
		$2.inheritsSet = Mono
		$2.inheritsScope = text/x-csharp
		$2.scope = text/x-csharp
		$0.TextStylePolicy = $3
		$3.FileWidth = 120
		$3.TabWidth = 4
		$3.IndentWidth = 4
		$3.EolMarker = Unix
		$3.inheritsSet = Mono
		$3.inheritsScope = text/plain
		$3.scope = text/plain
	EndGlobalSection

EndGlobal
